
Microsoft Visual Studio Solution File, Format Version 12.00
# Visual Studio Version 16
VisualStudioVersion = 16.0.29728.190
MinimumVisualStudioVersion = 10.0.40219.1
Project("{8BC9CEB8-8B4A-11D0-8D11-00A0C91BC942}") = "Upr3", "Upr3\Upr3.vcxproj", "{25BCB5B3-10D4-4253-B411-801054CF740F}"
EndProject
Global
	GlobalSection(SolutionConfigurationPlatforms) = preSolution
		Debug|x64 = Debug|x64
		Debug|x86 = Debug|x86
		Release|x64 = Release|x64
		Release|x86 = Release|x86
	EndGlobalSection
	GlobalSection(ProjectConfigurationPlatforms) = postSolution
		{25BCB5B3-10D4-4253-B411-801054CF740F}.Debug|x64.ActiveCfg = Debug|x64
		{25BCB5B3-10D4-4253-B411-801054CF740F}.Debug|x64.Build.0 = Debug|x64
		{25BCB5B3-10D4-4253-B411-801054CF740F}.Debug|x86.ActiveCfg = Debug|Win32
		{25BCB5B3-10D4-4253-B411-801054CF740F}.Debug|x86.Build.0 = Debug|Win32
		{25BCB5B3-10D4-4253-B411-801054CF740F}.Release|x64.ActiveCfg = Release|x64
		{25BCB5B3-10D4-4253-B411-801054CF740F}.Release|x64.Build.0 = Release|x64
		{25BCB5B3-10D4-4253-B411-801054CF740F}.Release|x86.ActiveCfg = Release|Win32
		{25BCB5B3-10D4-4253-B411-801054CF740F}.Release|x86.Build.0 = Release|Win32
	EndGlobalSection
	GlobalSection(SolutionProperties) = preSolution
		HideSolutionNode = FALSE
	EndGlobalSection
	GlobalSection(ExtensibilityGlobals) = postSolution
		SolutionGuid = {DE83E113-EDE4-4E33-B7A6-C42C236D7F7F}
	EndGlobalSection
EndGlobal
